
Microsoft Visual Studio Solution File, Format Version 12.00
# Visual Studio Version 17
VisualStudioVersion = 17.4.33110.190
MinimumVisualStudioVersion = 10.0.40219.1
Project("{FAE04EC0-301F-11D3-BF4B-00C04F79EFBC}") = "Template", "Template\Template.csproj", "{462BDB8B-7252-47C2-BA2E-224D27AD637E}"
EndProject
Global
	GlobalSection(SolutionConfigurationPlatforms) = preSolution
		Debug|Any CPU = Debug|Any CPU
		Release|Any CPU = Release|Any CPU
	EndGlobalSection
	GlobalSection(ProjectConfigurationPlatforms) = postSolution
		{462BDB8B-7252-47C2-BA2E-224D27AD637E}.Debug|Any CPU.ActiveCfg = Debug|Any CPU
		{462BDB8B-7252-47C2-BA2E-224D27AD637E}.Debug|Any CPU.Build.0 = Debug|Any CPU
		{462BDB8B-7252-47C2-BA2E-224D27AD637E}.Release|Any CPU.ActiveCfg = Release|Any CPU
		{462BDB8B-7252-47C2-BA2E-224D27AD637E}.Release|Any CPU.Build.0 = Release|Any CPU
	EndGlobalSection
	GlobalSection(SolutionProperties) = preSolution
		HideSolutionNode = FALSE
	EndGlobalSection
	GlobalSection(ExtensibilityGlobals) = postSolution
		SolutionGuid = {C802DD1B-138E-4269-BC60-A22601FD66FE}
	EndGlobalSection
EndGlobal
